<?xml version="1.0" encoding="utf-8"?>
<Project ToolsVersion="4.0" xmlns="http://schemas.microsoft.com/developer/msbuild/2003">
  <ItemGroup>
    <Filter Include="Template Files">
      <UniqueIdentifier>{98c21482-fac1-4f3d-a59f-9776b7294c42}</UniqueIdentifier>
      <Extensions>txt</Extensions>
    </Filter>
    <Filter Include="HTML Files">
      <UniqueIdentifier>{bfaf2c73-9568-49c9-a4e2-cf2f68aba2e1}</UniqueIdentifier>
      <Extensions>htm</Extensions>
    </Filter>
    <Filter Include="Image Files">
      <UniqueIdentifier>{8c40bc33-80a9-4784-adcf-a4dbbd4760a7}</UniqueIdentifier>
      <Extensions>bmp</Extensions>
    </Filter>
    <Filter Include="Script Files">
      <UniqueIdentifier>{ca80ff76-4975-4e21-bbb2-742f98f17df1}</UniqueIdentifier>
      <Extensions>js</Extensions>
    </Filter>
    <Filter Include="Miscellaneous Files">
      <UniqueIdentifier>{b5c7d195-e9f6-43bc-9f6e-e7168c8dece0}</UniqueIdentifier>
      <Extensions>vsz;vsdir;ico;vcxproj;csproj;css;inf</Extensions>
    </Filter>
  </ItemGroup>
  <ItemGroup>
    <Text Include="Templates\1033\ReadMe.txt">
      <Filter>Template Files</Filter>
    </Text>
    <Text Include="Templates\1033\Sample.txt">
      <Filter>Template Files</Filter>
    </Text>
  </ItemGroup>
  <ItemGroup>
    <None Include="Templates\1033\Templates.inf">
      <Filter>Miscellaneous Files</Filter>
    </None>
    <None Include="SimConnect Application Wizardv2.vsz">
      <Filter>Miscellaneous Files</Filter>
    </None>
    <None Include="Scripts\1033\default.js">
      <Filter>Script Files</Filter>
    </None>
    <None Include="default.vcxproj">
      <Filter>Miscellaneous Files</Filter>
    </None>
    <None Include="SimConnect Application Wizardv2.vsdir">
      <Filter>Miscellaneous Files</Filter>
    </None>
    <None Include="HTML\1033\default.htm">
      <Filter>HTML Files</Filter>
    </None>
    <None Include="1033\NewStyles.css">
      <Filter>Miscellaneous Files</Filter>
    </None>
  </ItemGroup>
  <ItemGroup>
    <Image Include="SimConnect Application Wizardv2.ico">
      <Filter>Miscellaneous Files</Filter>
    </Image>
    <Image Include="Images\SimConnect Application Wizardv2.gif" />
    <Image Include="Images\SimConnect Application Wizardv2_Background.gif" />
    <Image Include="1033\Images\DottedHori.gif" />
    <Image Include="1033\Images\DottedVert.gif" />
    <Image Include="1033\Images\spacer.gif" />
  </ItemGroup>
</Project>