<?xml version="1.0" encoding="utf-8"?>
<Project ToolsVersion="4.0" xmlns="http://schemas.microsoft.com/developer/msbuild/2003">
  <ItemGroup>
    <Filter Include="Template Files">
      <UniqueIdentifier>{633b110e-e2bb-4f7e-aacb-b01c9697dd66}</UniqueIdentifier>
      <Extensions>txt</Extensions>
    </Filter>
    <Filter Include="HTML Files">
      <UniqueIdentifier>{f4d6732d-5beb-4623-990f-3bd6b6ab1d01}</UniqueIdentifier>
      <Extensions>htm</Extensions>
    </Filter>
    <Filter Include="Image Files">
      <UniqueIdentifier>{c1cd77c7-8436-4d89-b459-329c65572aad}</UniqueIdentifier>
      <Extensions>bmp</Extensions>
    </Filter>
    <Filter Include="Script Files">
      <UniqueIdentifier>{691e4f7d-9bea-48b5-96d3-6da745da0b92}</UniqueIdentifier>
      <Extensions>js</Extensions>
    </Filter>
    <Filter Include="Miscellaneous Files">
      <UniqueIdentifier>{84b23b48-8451-4cbf-ac27-cc2fbda89936}</UniqueIdentifier>
      <Extensions>vsz;vsdir;ico;vcxproj;csproj;css;inf</Extensions>
    </Filter>
  </ItemGroup>
  <ItemGroup>
    <None Include="Templates\1033\Templates.inf">
      <Filter>Miscellaneous Files</Filter>
    </None>
    <None Include="SimConnect Application Wizard.vsz">
      <Filter>Miscellaneous Files</Filter>
    </None>
    <None Include="Scripts\1033\default.js">
      <Filter>Script Files</Filter>
    </None>
    <None Include="default.vcxproj">
      <Filter>Miscellaneous Files</Filter>
    </None>
    <None Include="SimConnect Application Wizard.vsdir">
      <Filter>Miscellaneous Files</Filter>
    </None>
    <None Include="HTML\1033\default.htm">
      <Filter>HTML Files</Filter>
    </None>
    <None Include="1033\NewStyles.css">
      <Filter>Miscellaneous Files</Filter>
    </None>
    <None Include="Templates\1033\Module.def" />
  </ItemGroup>
  <ItemGroup>
    <Image Include="SimConnect Application Wizard.ico">
      <Filter>Miscellaneous Files</Filter>
    </Image>
    <Image Include="Images\SimConnect Application Wizard.gif" />
    <Image Include="Images\SimConnect Application Wizard_Background.gif" />
    <Image Include="1033\Images\DottedHori.gif" />
    <Image Include="1033\Images\DottedVert.gif" />
    <Image Include="1033\Images\spacer.gif" />
  </ItemGroup>
  <ItemGroup>
    <ClInclude Include="Templates\1033\targetver.h" />
    <ClInclude Include="Templates\1033\Application.h" />
    <ClInclude Include="Templates\1033\stdafx.h" />
    <ClInclude Include="Templates\1033\DialogBase.h" />
    <ClInclude Include="Templates\1033\SimConnectApp.h" />
  </ItemGroup>
  <ItemGroup>
    <ClCompile Include="Templates\1033\Application.cpp" />
    <ClCompile Include="Templates\1033\Module.cpp" />
    <ClCompile Include="Templates\1033\stdafx.cpp" />
    <ClCompile Include="Templates\1033\DialogBase.cpp" />
    <ClCompile Include="Templates\1033\SimConnectApp.cpp" />
    <ClCompile Include="Templates\1033\dllmain.cpp" />
  </ItemGroup>
</Project>